
Microsoft Visual Studio Solution File, Format Version 12.00
# Visual Studio 15
VisualStudioVersion = 15.0.28307.106
MinimumVisualStudioVersion = 10.0.40219.1
Project("{FAE04EC0-301F-11D3-BF4B-00C04F79EFBC}") = "Wxsc", "Wxsc\Wxsc.csproj", "{F5A68B5F-068F-4C1B-B1F0-FB5F28B09655}"
EndProject
Global
	GlobalSection(SolutionConfigurationPlatforms) = preSolution
		Debug|Any CPU = Debug|Any CPU
		Release|Any CPU = Release|Any CPU
	EndGlobalSection
	GlobalSection(ProjectConfigurationPlatforms) = postSolution
		{F5A68B5F-068F-4C1B-B1F0-FB5F28B09655}.Debug|Any CPU.ActiveCfg = Debug|Any CPU
		{F5A68B5F-068F-4C1B-B1F0-FB5F28B09655}.Debug|Any CPU.Build.0 = Debug|Any CPU
		{F5A68B5F-068F-4C1B-B1F0-FB5F28B09655}.Release|Any CPU.ActiveCfg = Release|Any CPU
		{F5A68B5F-068F-4C1B-B1F0-FB5F28B09655}.Release|Any CPU.Build.0 = Release|Any CPU
	EndGlobalSection
	GlobalSection(SolutionProperties) = preSolution
		HideSolutionNode = FALSE
	EndGlobalSection
	GlobalSection(ExtensibilityGlobals) = postSolution
		SolutionGuid = {D83FD8C8-3E4B-41B0-94F4-7CEA95FB02EF}
	EndGlobalSection
EndGlobal
